
Microsoft Visual Studio Solution File, Format Version 12.00
# Visual Studio 15
VisualStudioVersion = 15.0.28010.2046
MinimumVisualStudioVersion = 10.0.40219.1
Project("{FAE04EC0-301F-11D3-BF4B-00C04F79EFBC}") = "Domowy_budzet", "Domowy_budzet\Domowy_budzet.csproj", "{BE03749C-5DBC-4851-A615-7CAD4962DA87}"
EndProject
Global
	GlobalSection(SolutionConfigurationPlatforms) = preSolution
		Debug|Any CPU = Debug|Any CPU
		Release|Any CPU = Release|Any CPU
	EndGlobalSection
	GlobalSection(ProjectConfigurationPlatforms) = postSolution
		{BE03749C-5DBC-4851-A615-7CAD4962DA87}.Debug|Any CPU.ActiveCfg = Debug|Any CPU
		{BE03749C-5DBC-4851-A615-7CAD4962DA87}.Debug|Any CPU.Build.0 = Debug|Any CPU
		{BE03749C-5DBC-4851-A615-7CAD4962DA87}.Release|Any CPU.ActiveCfg = Release|Any CPU
		{BE03749C-5DBC-4851-A615-7CAD4962DA87}.Release|Any CPU.Build.0 = Release|Any CPU
	EndGlobalSection
	GlobalSection(SolutionProperties) = preSolution
		HideSolutionNode = FALSE
	EndGlobalSection
	GlobalSection(ExtensibilityGlobals) = postSolution
		SolutionGuid = {41C25BDA-F931-4609-80D7-6DAC1FC09B05}
	EndGlobalSection
EndGlobal
